// !$*UTF8*$!
{
	archiveVersion = 1;
	classes = {
	};
	objectVersion = 46;
	objects = {

/* Begin PBXBuildFile section */
		1A2B8F06183464A100E1A5BB /* AKForm.h in Headers */ = {isa = PBXBuildFile; fileRef = 1A2B8F03183464A100E1A5BB /* AKForm.h */; };
		1A2B8F18183468B400E1A5BB /* UIKit.framework in Frameworks */ = {isa = PBXBuildFile; fileRef = 1A2B8F17183468B400E1A5BB /* UIKit.framework */; };
		1A2B8F1A183468BA00E1A5BB /* Foundation.framework in Frameworks */ = {isa = PBXBuildFile; fileRef = 1A2B8F19183468BA00E1A5BB /* Foundation.framework */; };
		1A2B8F9D183490BE00E1A5BB /* CSFormBaseCell.h in Headers */ = {isa = PBXBuildFile; fileRef = 1A2B8F60183490BE00E1A5BB /* CSFormBaseCell.h */; };
		1A2B8F9E183490BE00E1A5BB /* CSFormBaseCell.m in Sources */ = {isa = PBXBuildFile; fileRef = 1A2B8F61183490BE00E1A5BB /* CSFormBaseCell.m */; };
		1A2B8F9F183490BE00E1A5BB /* CSFormCell.h in Headers */ = {isa = PBXBuildFile; fileRef = 1A2B8F62183490BE00E1A5BB /* CSFormCell.h */; };
		1A2B8FA0183490BE00E1A5BB /* CSFormCell.m in Sources */ = {isa = PBXBuildFile; fileRef = 1A2B8F63183490BE00E1A5BB /* CSFormCell.m */; };
		1A2B8FA1183490BE00E1A5BB /* CSFormCellDatePicker.h in Headers */ = {isa = PBXBuildFile; fileRef = 1A2B8F64183490BE00E1A5BB /* CSFormCellDatePicker.h */; };
		1A2B8FA2183490BE00E1A5BB /* CSFormCellDatePicker.m in Sources */ = {isa = PBXBuildFile; fileRef = 1A2B8F65183490BE00E1A5BB /* CSFormCellDatePicker.m */; };
		1A2B8FA3183490BE00E1A5BB /* CSFormCellImage.h in Headers */ = {isa = PBXBuildFile; fileRef = 1A2B8F66183490BE00E1A5BB /* CSFormCellImage.h */; };
		1A2B8FA4183490BE00E1A5BB /* CSFormCellImage.m in Sources */ = {isa = PBXBuildFile; fileRef = 1A2B8F67183490BE00E1A5BB /* CSFormCellImage.m */; };
		1A2B8FA5183490BE00E1A5BB /* CSFormCellLabel.h in Headers */ = {isa = PBXBuildFile; fileRef = 1A2B8F68183490BE00E1A5BB /* CSFormCellLabel.h */; };
		1A2B8FA6183490BE00E1A5BB /* CSFormCellLabel.m in Sources */ = {isa = PBXBuildFile; fileRef = 1A2B8F69183490BE00E1A5BB /* CSFormCellLabel.m */; };
		1A2B8FA7183490BE00E1A5BB /* CSFormCellPickerView.h in Headers */ = {isa = PBXBuildFile; fileRef = 1A2B8F6A183490BE00E1A5BB /* CSFormCellPickerView.h */; };
		1A2B8FA8183490BE00E1A5BB /* CSFormCellPickerView.m in Sources */ = {isa = PBXBuildFile; fileRef = 1A2B8F6B183490BE00E1A5BB /* CSFormCellPickerView.m */; };
		1A2B8FA9183490BE00E1A5BB /* CSFormCellTextField.h in Headers */ = {isa = PBXBuildFile; fileRef = 1A2B8F6C183490BE00E1A5BB /* CSFormCellTextField.h */; };
		1A2B8FAA183490BE00E1A5BB /* CSFormCellTextField.m in Sources */ = {isa = PBXBuildFile; fileRef = 1A2B8F6D183490BE00E1A5BB /* CSFormCellTextField.m */; };
		1A2B8FAB183490BE00E1A5BB /* CSFormSwitchCell.h in Headers */ = {isa = PBXBuildFile; fileRef = 1A2B8F6E183490BE00E1A5BB /* CSFormSwitchCell.h */; };
		1A2B8FAC183490BE00E1A5BB /* CSFormSwitchCell.m in Sources */ = {isa = PBXBuildFile; fileRef = 1A2B8F6F183490BE00E1A5BB /* CSFormSwitchCell.m */; };
		1A2B8FAD183490BE00E1A5BB /* CSFormTextViewCell.h in Headers */ = {isa = PBXBuildFile; fileRef = 1A2B8F70183490BE00E1A5BB /* CSFormTextViewCell.h */; };
		1A2B8FAE183490BE00E1A5BB /* CSFormTextViewCell.m in Sources */ = {isa = PBXBuildFile; fileRef = 1A2B8F71183490BE00E1A5BB /* CSFormTextViewCell.m */; };
		1A2B8FAF183490BE00E1A5BB /* CSFormToggleCell.h in Headers */ = {isa = PBXBuildFile; fileRef = 1A2B8F72183490BE00E1A5BB /* CSFormToggleCell.h */; };
		1A2B8FB0183490BE00E1A5BB /* CSFormToggleCell.m in Sources */ = {isa = PBXBuildFile; fileRef = 1A2B8F73183490BE00E1A5BB /* CSFormToggleCell.m */; };
		1A2B8FB1183490BE00E1A5BB /* CSSpecialCell.h in Headers */ = {isa = PBXBuildFile; fileRef = 1A2B8F74183490BE00E1A5BB /* CSSpecialCell.h */; };
		1A2B8FB2183490BE00E1A5BB /* CSSpecialCell.m in Sources */ = {isa = PBXBuildFile; fileRef = 1A2B8F75183490BE00E1A5BB /* CSSpecialCell.m */; };
		1A2B8FB3183490BE00E1A5BB /* CSForm.h in Headers */ = {isa = PBXBuildFile; fileRef = 1A2B8F76183490BE00E1A5BB /* CSForm.h */; };
		1A2B8FB4183490BE00E1A5BB /* CSForm.m in Sources */ = {isa = PBXBuildFile; fileRef = 1A2B8F77183490BE00E1A5BB /* CSForm.m */; };
		1A2B8FB5183490BE00E1A5BB /* CSFormField.h in Headers */ = {isa = PBXBuildFile; fileRef = 1A2B8F78183490BE00E1A5BB /* CSFormField.h */; };
		1A2B8FB6183490BE00E1A5BB /* CSFormField.m in Sources */ = {isa = PBXBuildFile; fileRef = 1A2B8F79183490BE00E1A5BB /* CSFormField.m */; };
		1A2B8FB7183490BE00E1A5BB /* CSFormSection.h in Headers */ = {isa = PBXBuildFile; fileRef = 1A2B8F7A183490BE00E1A5BB /* CSFormSection.h */; };
		1A2B8FB8183490BE00E1A5BB /* CSFormSection.m in Sources */ = {isa = PBXBuildFile; fileRef = 1A2B8F7B183490BE00E1A5BB /* CSFormSection.m */; };
		1A2B8FB9183490BE00E1A5BB /* CSFormValue.h in Headers */ = {isa = PBXBuildFile; fileRef = 1A2B8F7C183490BE00E1A5BB /* CSFormValue.h */; };
		1A2B8FBA183490BE00E1A5BB /* CSFormValue.m in Sources */ = {isa = PBXBuildFile; fileRef = 1A2B8F7D183490BE00E1A5BB /* CSFormValue.m */; };
		1A2B8FBB183490BE00E1A5BB /* CSFormValueValidator.h in Headers */ = {isa = PBXBuildFile; fileRef = 1A2B8F7E183490BE00E1A5BB /* CSFormValueValidator.h */; };
		1A2B8FBC183490BE00E1A5BB /* CSFormValueValidator.m in Sources */ = {isa = PBXBuildFile; fileRef = 1A2B8F7F183490BE00E1A5BB /* CSFormValueValidator.m */; };
		1A2B8FBD183490BE00E1A5BB /* CSMetadata.h in Headers */ = {isa = PBXBuildFile; fileRef = 1A2B8F80183490BE00E1A5BB /* CSMetadata.h */; };
		1A2B8FBE183490BE00E1A5BB /* CSMetadata.m in Sources */ = {isa = PBXBuildFile; fileRef = 1A2B8F81183490BE00E1A5BB /* CSMetadata.m */; };
		1A2B8FBF183490BE00E1A5BB /* CSMetadataCollection.h in Headers */ = {isa = PBXBuildFile; fileRef = 1A2B8F82183490BE00E1A5BB /* CSMetadataCollection.h */; };
		1A2B8FC0183490BE00E1A5BB /* CSMetadataCollection.m in Sources */ = {isa = PBXBuildFile; fileRef = 1A2B8F83183490BE00E1A5BB /* CSMetadataCollection.m */; };
		1A2B8FC1183490BE00E1A5BB /* CSFormFieldDescriptive.h in Headers */ = {isa = PBXBuildFile; fileRef = 1A2B8F85183490BE00E1A5BB /* CSFormFieldDescriptive.h */; };
		1A2B8FC2183490BE00E1A5BB /* CSFormFieldDescriptive.m in Sources */ = {isa = PBXBuildFile; fileRef = 1A2B8F86183490BE00E1A5BB /* CSFormFieldDescriptive.m */; };
		1A2B8FC3183490BE00E1A5BB /* CSFormFieldExpandable.h in Headers */ = {isa = PBXBuildFile; fileRef = 1A2B8F87183490BE00E1A5BB /* CSFormFieldExpandable.h */; };
		1A2B8FC4183490BE00E1A5BB /* CSFormFieldExpandable.m in Sources */ = {isa = PBXBuildFile; fileRef = 1A2B8F88183490BE00E1A5BB /* CSFormFieldExpandable.m */; };
		1A2B8FC5183490BE00E1A5BB /* CSFormFieldExpandableDate.h in Headers */ = {isa = PBXBuildFile; fileRef = 1A2B8F89183490BE00E1A5BB /* CSFormFieldExpandableDate.h */; };
		1A2B8FC6183490BE00E1A5BB /* CSFormFieldExpandableDate.m in Sources */ = {isa = PBXBuildFile; fileRef = 1A2B8F8A183490BE00E1A5BB /* CSFormFieldExpandableDate.m */; };
		1A2B8FC7183490BE00E1A5BB /* CSFormFieldExpandablePicker.h in Headers */ = {isa = PBXBuildFile; fileRef = 1A2B8F8B183490BE00E1A5BB /* CSFormFieldExpandablePicker.h */; };
		1A2B8FC8183490BE00E1A5BB /* CSFormFieldExpandablePicker.m in Sources */ = {isa = PBXBuildFile; fileRef = 1A2B8F8C183490BE00E1A5BB /* CSFormFieldExpandablePicker.m */; };
		1A2B8FC9183490BE00E1A5BB /* CSFormFieldImage.h in Headers */ = {isa = PBXBuildFile; fileRef = 1A2B8F8D183490BE00E1A5BB /* CSFormFieldImage.h */; };
		1A2B8FCA183490BE00E1A5BB /* CSFormFieldImage.m in Sources */ = {isa = PBXBuildFile; fileRef = 1A2B8F8E183490BE00E1A5BB /* CSFormFieldImage.m */; };
		1A2B8FCB183490BE00E1A5BB /* CSFormFieldModal.h in Headers */ = {isa = PBXBuildFile; fileRef = 1A2B8F8F183490BE00E1A5BB /* CSFormFieldModal.h */; };
		1A2B8FCC183490BE00E1A5BB /* CSFormFieldModal.m in Sources */ = {isa = PBXBuildFile; fileRef = 1A2B8F90183490BE00E1A5BB /* CSFormFieldModal.m */; };
		1A2B8FCD183490BE00E1A5BB /* CSFormFieldModalPicker.h in Headers */ = {isa = PBXBuildFile; fileRef = 1A2B8F91183490BE00E1A5BB /* CSFormFieldModalPicker.h */; };
		1A2B8FCE183490BE00E1A5BB /* CSFormFieldModalPicker.m in Sources */ = {isa = PBXBuildFile; fileRef = 1A2B8F92183490BE00E1A5BB /* CSFormFieldModalPicker.m */; };
		1A2B8FCF183490BE00E1A5BB /* CSFormFieldSegmented.h in Headers */ = {isa = PBXBuildFile; fileRef = 1A2B8F93183490BE00E1A5BB /* CSFormFieldSegmented.h */; };
		1A2B8FD0183490BE00E1A5BB /* CSFormFieldSegmented.m in Sources */ = {isa = PBXBuildFile; fileRef = 1A2B8F94183490BE00E1A5BB /* CSFormFieldSegmented.m */; };
		1A2B8FD1183490BE00E1A5BB /* CSFormFieldSwitch.h in Headers */ = {isa = PBXBuildFile; fileRef = 1A2B8F95183490BE00E1A5BB /* CSFormFieldSwitch.h */; };
		1A2B8FD2183490BE00E1A5BB /* CSFormFieldSwitch.m in Sources */ = {isa = PBXBuildFile; fileRef = 1A2B8F96183490BE00E1A5BB /* CSFormFieldSwitch.m */; };
		1A2B8FD3183490BE00E1A5BB /* CSFormFieldText.h in Headers */ = {isa = PBXBuildFile; fileRef = 1A2B8F97183490BE00E1A5BB /* CSFormFieldText.h */; };
		1A2B8FD4183490BE00E1A5BB /* CSFormFieldText.m in Sources */ = {isa = PBXBuildFile; fileRef = 1A2B8F98183490BE00E1A5BB /* CSFormFieldText.m */; };
		1A2B8FD5183490BE00E1A5BB /* CSFormFieldTextView.h in Headers */ = {isa = PBXBuildFile; fileRef = 1A2B8F99183490BE00E1A5BB /* CSFormFieldTextView.h */; };
		1A2B8FD6183490BE00E1A5BB /* CSFormFieldTextView.m in Sources */ = {isa = PBXBuildFile; fileRef = 1A2B8F9A183490BE00E1A5BB /* CSFormFieldTextView.m */; };
		1A2B8FD7183490BE00E1A5BB /* CSFormFieldToggle.h in Headers */ = {isa = PBXBuildFile; fileRef = 1A2B8F9B183490BE00E1A5BB /* CSFormFieldToggle.h */; };
		1A2B8FD8183490BE00E1A5BB /* CSFormFieldToggle.m in Sources */ = {isa = PBXBuildFile; fileRef = 1A2B8F9C183490BE00E1A5BB /* CSFormFieldToggle.m */; };
		1A2B8FE21834931200E1A5BB /* UIDeviceHardware.h in Headers */ = {isa = PBXBuildFile; fileRef = 1A2B8FDA1834931200E1A5BB /* UIDeviceHardware.h */; };
		1A2B8FE31834931200E1A5BB /* UIDeviceHardware.m in Sources */ = {isa = PBXBuildFile; fileRef = 1A2B8FDB1834931200E1A5BB /* UIDeviceHardware.m */; };
		1A2B8FE41834931200E1A5BB /* UIImage+ImageEffects.h in Headers */ = {isa = PBXBuildFile; fileRef = 1A2B8FDC1834931200E1A5BB /* UIImage+ImageEffects.h */; };
		1A2B8FE51834931200E1A5BB /* UIImage+ImageEffects.m in Sources */ = {isa = PBXBuildFile; fileRef = 1A2B8FDD1834931200E1A5BB /* UIImage+ImageEffects.m */; };
		1A2B8FE61834931200E1A5BB /* UIView-JTViewToImage.h in Headers */ = {isa = PBXBuildFile; fileRef = 1A2B8FDE1834931200E1A5BB /* UIView-JTViewToImage.h */; };
		1A2B8FE71834931200E1A5BB /* UIView-JTViewToImage.m in Sources */ = {isa = PBXBuildFile; fileRef = 1A2B8FDF1834931200E1A5BB /* UIView-JTViewToImage.m */; };
		1A2B8FE81834931200E1A5BB /* URBMediaFocusViewController.h in Headers */ = {isa = PBXBuildFile; fileRef = 1A2B8FE01834931200E1A5BB /* URBMediaFocusViewController.h */; };
		1A2B8FE91834931200E1A5BB /* URBMediaFocusViewController.m in Sources */ = {isa = PBXBuildFile; fileRef = 1A2B8FE11834931200E1A5BB /* URBMediaFocusViewController.m */; };
		1A2B8FEC1834936200E1A5BB /* UIImage+ImageEffects.h in Headers */ = {isa = PBXBuildFile; fileRef = 1A2B8FEA1834936200E1A5BB /* UIImage+ImageEffects.h */; };
		1A2B8FED1834936200E1A5BB /* UIImage+ImageEffects.m in Sources */ = {isa = PBXBuildFile; fileRef = 1A2B8FEB1834936200E1A5BB /* UIImage+ImageEffects.m */; };
		1A2B8FF01834941600E1A5BB /* UIImageView+CircleMask.h in Headers */ = {isa = PBXBuildFile; fileRef = 1A2B8FEE1834941600E1A5BB /* UIImageView+CircleMask.h */; };
		1A2B8FF11834941600E1A5BB /* UIImageView+CircleMask.m in Sources */ = {isa = PBXBuildFile; fileRef = 1A2B8FEF1834941600E1A5BB /* UIImageView+CircleMask.m */; };
		1A2B8FF71834953300E1A5BB /* Accelerate.framework in Frameworks */ = {isa = PBXBuildFile; fileRef = 1A2B8FF61834953300E1A5BB /* Accelerate.framework */; };
		A12EE87A91BD4233A56B65B2 /* libPods.a in Frameworks */ = {isa = PBXBuildFile; fileRef = BDDFD3B70D1149CFA37AFE90 /* libPods.a */; };
/* End PBXBuildFile section */

/* Begin PBXFileReference section */
		1A2B8F03183464A100E1A5BB /* AKForm.h */ = {isa = PBXFileReference; fileEncoding = 4; lastKnownFileType = sourcecode.c.h; path = AKForm.h; sourceTree = "<group>"; };
		1A2B8F17183468B400E1A5BB /* UIKit.framework */ = {isa = PBXFileReference; lastKnownFileType = wrapper.framework; name = UIKit.framework; path = Platforms/iPhoneOS.platform/Developer/SDKs/iPhoneOS7.0.sdk/System/Library/Frameworks/UIKit.framework; sourceTree = DEVELOPER_DIR; };
		1A2B8F19183468BA00E1A5BB /* Foundation.framework */ = {isa = PBXFileReference; lastKnownFileType = wrapper.framework; name = Foundation.framework; path = Platforms/iPhoneOS.platform/Developer/SDKs/iPhoneOS7.0.sdk/System/Library/Frameworks/Foundation.framework; sourceTree = DEVELOPER_DIR; };
		1A2B8F5C183475B300E1A5BB /* AKForm.podspec */ = {isa = PBXFileReference; lastKnownFileType = text; name = AKForm.podspec; path = ../../AKForm.podspec; sourceTree = "<group>"; };
		1A2B8F60183490BE00E1A5BB /* CSFormBaseCell.h */ = {isa = PBXFileReference; fileEncoding = 4; lastKnownFileType = sourcecode.c.h; path = CSFormBaseCell.h; sourceTree = "<group>"; };
		1A2B8F61183490BE00E1A5BB /* CSFormBaseCell.m */ = {isa = PBXFileReference; fileEncoding = 4; lastKnownFileType = sourcecode.c.objc; path = CSFormBaseCell.m; sourceTree = "<group>"; };
		1A2B8F62183490BE00E1A5BB /* CSFormCell.h */ = {isa = PBXFileReference; fileEncoding = 4; lastKnownFileType = sourcecode.c.h; path = CSFormCell.h; sourceTree = "<group>"; };
		1A2B8F63183490BE00E1A5BB /* CSFormCell.m */ = {isa = PBXFileReference; fileEncoding = 4; lastKnownFileType = sourcecode.c.objc; path = CSFormCell.m; sourceTree = "<group>"; };
		1A2B8F64183490BE00E1A5BB /* CSFormCellDatePicker.h */ = {isa = PBXFileReference; fileEncoding = 4; lastKnownFileType = sourcecode.c.h; path = CSFormCellDatePicker.h; sourceTree = "<group>"; };
		1A2B8F65183490BE00E1A5BB /* CSFormCellDatePicker.m */ = {isa = PBXFileReference; fileEncoding = 4; lastKnownFileType = sourcecode.c.objc; path = CSFormCellDatePicker.m; sourceTree = "<group>"; };
		1A2B8F66183490BE00E1A5BB /* CSFormCellImage.h */ = {isa = PBXFileReference; fileEncoding = 4; lastKnownFileType = sourcecode.c.h; path = CSFormCellImage.h; sourceTree = "<group>"; };
		1A2B8F67183490BE00E1A5BB /* CSFormCellImage.m */ = {isa = PBXFileReference; fileEncoding = 4; lastKnownFileType = sourcecode.c.objc; path = CSFormCellImage.m; sourceTree = "<group>"; };
		1A2B8F68183490BE00E1A5BB /* CSFormCellLabel.h */ = {isa = PBXFileReference; fileEncoding = 4; lastKnownFileType = sourcecode.c.h; path = CSFormCellLabel.h; sourceTree = "<group>"; };
		1A2B8F69183490BE00E1A5BB /* CSFormCellLabel.m */ = {isa = PBXFileReference; fileEncoding = 4; lastKnownFileType = sourcecode.c.objc; path = CSFormCellLabel.m; sourceTree = "<group>"; };
		1A2B8F6A183490BE00E1A5BB /* CSFormCellPickerView.h */ = {isa = PBXFileReference; fileEncoding = 4; lastKnownFileType = sourcecode.c.h; path = CSFormCellPickerView.h; sourceTree = "<group>"; };
		1A2B8F6B183490BE00E1A5BB /* CSFormCellPickerView.m */ = {isa = PBXFileReference; fileEncoding = 4; lastKnownFileType = sourcecode.c.objc; path = CSFormCellPickerView.m; sourceTree = "<group>"; };
		1A2B8F6C183490BE00E1A5BB /* CSFormCellTextField.h */ = {isa = PBXFileReference; fileEncoding = 4; lastKnownFileType = sourcecode.c.h; path = CSFormCellTextField.h; sourceTree = "<group>"; };
		1A2B8F6D183490BE00E1A5BB /* CSFormCellTextField.m */ = {isa = PBXFileReference; fileEncoding = 4; lastKnownFileType = sourcecode.c.objc; path = CSFormCellTextField.m; sourceTree = "<group>"; };
		1A2B8F6E183490BE00E1A5BB /* CSFormSwitchCell.h */ = {isa = PBXFileReference; fileEncoding = 4; lastKnownFileType = sourcecode.c.h; path = CSFormSwitchCell.h; sourceTree = "<group>"; };
		1A2B8F6F183490BE00E1A5BB /* CSFormSwitchCell.m */ = {isa = PBXFileReference; fileEncoding = 4; lastKnownFileType = sourcecode.c.objc; path = CSFormSwitchCell.m; sourceTree = "<group>"; };
		1A2B8F70183490BE00E1A5BB /* CSFormTextViewCell.h */ = {isa = PBXFileReference; fileEncoding = 4; lastKnownFileType = sourcecode.c.h; path = CSFormTextViewCell.h; sourceTree = "<group>"; };
		1A2B8F71183490BE00E1A5BB /* CSFormTextViewCell.m */ = {isa = PBXFileReference; fileEncoding = 4; lastKnownFileType = sourcecode.c.objc; path = CSFormTextViewCell.m; sourceTree = "<group>"; };
		1A2B8F72183490BE00E1A5BB /* CSFormToggleCell.h */ = {isa = PBXFileReference; fileEncoding = 4; lastKnownFileType = sourcecode.c.h; path = CSFormToggleCell.h; sourceTree = "<group>"; };
		1A2B8F73183490BE00E1A5BB /* CSFormToggleCell.m */ = {isa = PBXFileReference; fileEncoding = 4; lastKnownFileType = sourcecode.c.objc; path = CSFormToggleCell.m; sourceTree = "<group>"; };
		1A2B8F74183490BE00E1A5BB /* CSSpecialCell.h */ = {isa = PBXFileReference; fileEncoding = 4; lastKnownFileType = sourcecode.c.h; path = CSSpecialCell.h; sourceTree = "<group>"; };
		1A2B8F75183490BE00E1A5BB /* CSSpecialCell.m */ = {isa = PBXFileReference; fileEncoding = 4; lastKnownFileType = sourcecode.c.objc; path = CSSpecialCell.m; sourceTree = "<group>"; };
		1A2B8F76183490BE00E1A5BB /* CSForm.h */ = {isa = PBXFileReference; fileEncoding = 4; lastKnownFileType = sourcecode.c.h; path = CSForm.h; sourceTree = "<group>"; };
		1A2B8F77183490BE00E1A5BB /* CSForm.m */ = {isa = PBXFileReference; fileEncoding = 4; lastKnownFileType = sourcecode.c.objc; path = CSForm.m; sourceTree = "<group>"; };
		1A2B8F78183490BE00E1A5BB /* CSFormField.h */ = {isa = PBXFileReference; fileEncoding = 4; lastKnownFileType = sourcecode.c.h; path = CSFormField.h; sourceTree = "<group>"; };
		1A2B8F79183490BE00E1A5BB /* CSFormField.m */ = {isa = PBXFileReference; fileEncoding = 4; lastKnownFileType = sourcecode.c.objc; path = CSFormField.m; sourceTree = "<group>"; };
		1A2B8F7A183490BE00E1A5BB /* CSFormSection.h */ = {isa = PBXFileReference; fileEncoding = 4; lastKnownFileType = sourcecode.c.h; path = CSFormSection.h; sourceTree = "<group>"; };
		1A2B8F7B183490BE00E1A5BB /* CSFormSection.m */ = {isa = PBXFileReference; fileEncoding = 4; lastKnownFileType = sourcecode.c.objc; path = CSFormSection.m; sourceTree = "<group>"; };
		1A2B8F7C183490BE00E1A5BB /* CSFormValue.h */ = {isa = PBXFileReference; fileEncoding = 4; lastKnownFileType = sourcecode.c.h; path = CSFormValue.h; sourceTree = "<group>"; };
		1A2B8F7D183490BE00E1A5BB /* CSFormValue.m */ = {isa = PBXFileReference; fileEncoding = 4; lastKnownFileType = sourcecode.c.objc; path = CSFormValue.m; sourceTree = "<group>"; };
		1A2B8F7E183490BE00E1A5BB /* CSFormValueValidator.h */ = {isa = PBXFileReference; fileEncoding = 4; lastKnownFileType = sourcecode.c.h; path = CSFormValueValidator.h; sourceTree = "<group>"; };
		1A2B8F7F183490BE00E1A5BB /* CSFormValueValidator.m */ = {isa = PBXFileReference; fileEncoding = 4; lastKnownFileType = sourcecode.c.objc; path = CSFormValueValidator.m; sourceTree = "<group>"; };
		1A2B8F80183490BE00E1A5BB /* CSMetadata.h */ = {isa = PBXFileReference; fileEncoding = 4; lastKnownFileType = sourcecode.c.h; path = CSMetadata.h; sourceTree = "<group>"; };
		1A2B8F81183490BE00E1A5BB /* CSMetadata.m */ = {isa = PBXFileReference; fileEncoding = 4; lastKnownFileType = sourcecode.c.objc; path = CSMetadata.m; sourceTree = "<group>"; };
		1A2B8F82183490BE00E1A5BB /* CSMetadataCollection.h */ = {isa = PBXFileReference; fileEncoding = 4; lastKnownFileType = sourcecode.c.h; path = CSMetadataCollection.h; sourceTree = "<group>"; };
		1A2B8F83183490BE00E1A5BB /* CSMetadataCollection.m */ = {isa = PBXFileReference; fileEncoding = 4; lastKnownFileType = sourcecode.c.objc; path = CSMetadataCollection.m; sourceTree = "<group>"; };
		1A2B8F85183490BE00E1A5BB /* CSFormFieldDescriptive.h */ = {isa = PBXFileReference; fileEncoding = 4; lastKnownFileType = sourcecode.c.h; path = CSFormFieldDescriptive.h; sourceTree = "<group>"; };
		1A2B8F86183490BE00E1A5BB /* CSFormFieldDescriptive.m */ = {isa = PBXFileReference; fileEncoding = 4; lastKnownFileType = sourcecode.c.objc; path = CSFormFieldDescriptive.m; sourceTree = "<group>"; };
		1A2B8F87183490BE00E1A5BB /* CSFormFieldExpandable.h */ = {isa = PBXFileReference; fileEncoding = 4; lastKnownFileType = sourcecode.c.h; path = CSFormFieldExpandable.h; sourceTree = "<group>"; };
		1A2B8F88183490BE00E1A5BB /* CSFormFieldExpandable.m */ = {isa = PBXFileReference; fileEncoding = 4; lastKnownFileType = sourcecode.c.objc; path = CSFormFieldExpandable.m; sourceTree = "<group>"; };
		1A2B8F89183490BE00E1A5BB /* CSFormFieldExpandableDate.h */ = {isa = PBXFileReference; fileEncoding = 4; lastKnownFileType = sourcecode.c.h; path = CSFormFieldExpandableDate.h; sourceTree = "<group>"; };
		1A2B8F8A183490BE00E1A5BB /* CSFormFieldExpandableDate.m */ = {isa = PBXFileReference; fileEncoding = 4; lastKnownFileType = sourcecode.c.objc; path = CSFormFieldExpandableDate.m; sourceTree = "<group>"; };
		1A2B8F8B183490BE00E1A5BB /* CSFormFieldExpandablePicker.h */ = {isa = PBXFileReference; fileEncoding = 4; lastKnownFileType = sourcecode.c.h; path = CSFormFieldExpandablePicker.h; sourceTree = "<group>"; };
		1A2B8F8C183490BE00E1A5BB /* CSFormFieldExpandablePicker.m */ = {isa = PBXFileReference; fileEncoding = 4; lastKnownFileType = sourcecode.c.objc; path = CSFormFieldExpandablePicker.m; sourceTree = "<group>"; };
		1A2B8F8D183490BE00E1A5BB /* CSFormFieldImage.h */ = {isa = PBXFileReference; fileEncoding = 4; lastKnownFileType = sourcecode.c.h; path = CSFormFieldImage.h; sourceTree = "<group>"; };
		1A2B8F8E183490BE00E1A5BB /* CSFormFieldImage.m */ = {isa = PBXFileReference; fileEncoding = 4; lastKnownFileType = sourcecode.c.objc; path = CSFormFieldImage.m; sourceTree = "<group>"; };
		1A2B8F8F183490BE00E1A5BB /* CSFormFieldModal.h */ = {isa = PBXFileReference; fileEncoding = 4; lastKnownFileType = sourcecode.c.h; path = CSFormFieldModal.h; sourceTree = "<group>"; };
		1A2B8F90183490BE00E1A5BB /* CSFormFieldModal.m */ = {isa = PBXFileReference; fileEncoding = 4; lastKnownFileType = sourcecode.c.objc; path = CSFormFieldModal.m; sourceTree = "<group>"; };
		1A2B8F91183490BE00E1A5BB /* CSFormFieldModalPicker.h */ = {isa = PBXFileReference; fileEncoding = 4; lastKnownFileType = sourcecode.c.h; path = CSFormFieldModalPicker.h; sourceTree = "<group>"; };
		1A2B8F92183490BE00E1A5BB /* CSFormFieldModalPicker.m */ = {isa = PBXFileReference; fileEncoding = 4; lastKnownFileType = sourcecode.c.objc; path = CSFormFieldModalPicker.m; sourceTree = "<group>"; };
		1A2B8F93183490BE00E1A5BB /* CSFormFieldSegmented.h */ = {isa = PBXFileReference; fileEncoding = 4; lastKnownFileType = sourcecode.c.h; path = CSFormFieldSegmented.h; sourceTree = "<group>"; };
		1A2B8F94183490BE00E1A5BB /* CSFormFieldSegmented.m */ = {isa = PBXFileReference; fileEncoding = 4; lastKnownFileType = sourcecode.c.objc; path = CSFormFieldSegmented.m; sourceTree = "<group>"; };
		1A2B8F95183490BE00E1A5BB /* CSFormFieldSwitch.h */ = {isa = PBXFileReference; fileEncoding = 4; lastKnownFileType = sourcecode.c.h; path = CSFormFieldSwitch.h; sourceTree = "<group>"; };
		1A2B8F96183490BE00E1A5BB /* CSFormFieldSwitch.m */ = {isa = PBXFileReference; fileEncoding = 4; lastKnownFileType = sourcecode.c.objc; path = CSFormFieldSwitch.m; sourceTree = "<group>"; };
		1A2B8F97183490BE00E1A5BB /* CSFormFieldText.h */ = {isa = PBXFileReference; fileEncoding = 4; lastKnownFileType = sourcecode.c.h; path = CSFormFieldText.h; sourceTree = "<group>"; };
		1A2B8F98183490BE00E1A5BB /* CSFormFieldText.m */ = {isa = PBXFileReference; fileEncoding = 4; lastKnownFileType = sourcecode.c.objc; path = CSFormFieldText.m; sourceTree = "<group>"; };
		1A2B8F99183490BE00E1A5BB /* CSFormFieldTextView.h */ = {isa = PBXFileReference; fileEncoding = 4; lastKnownFileType = sourcecode.c.h; path = CSFormFieldTextView.h; sourceTree = "<group>"; };
		1A2B8F9A183490BE00E1A5BB /* CSFormFieldTextView.m */ = {isa = PBXFileReference; fileEncoding = 4; lastKnownFileType = sourcecode.c.objc; path = CSFormFieldTextView.m; sourceTree = "<group>"; };
		1A2B8F9B183490BE00E1A5BB /* CSFormFieldToggle.h */ = {isa = PBXFileReference; fileEncoding = 4; lastKnownFileType = sourcecode.c.h; path = CSFormFieldToggle.h; sourceTree = "<group>"; };
		1A2B8F9C183490BE00E1A5BB /* CSFormFieldToggle.m */ = {isa = PBXFileReference; fileEncoding = 4; lastKnownFileType = sourcecode.c.objc; path = CSFormFieldToggle.m; sourceTree = "<group>"; };
		1A2B8FDA1834931200E1A5BB /* UIDeviceHardware.h */ = {isa = PBXFileReference; fileEncoding = 4; lastKnownFileType = sourcecode.c.h; path = UIDeviceHardware.h; sourceTree = "<group>"; };
		1A2B8FDB1834931200E1A5BB /* UIDeviceHardware.m */ = {isa = PBXFileReference; fileEncoding = 4; lastKnownFileType = sourcecode.c.objc; path = UIDeviceHardware.m; sourceTree = "<group>"; };
		1A2B8FDC1834931200E1A5BB /* UIImage+ImageEffects.h */ = {isa = PBXFileReference; fileEncoding = 4; lastKnownFileType = sourcecode.c.h; path = "UIImage+ImageEffects.h"; sourceTree = "<group>"; };
		1A2B8FDD1834931200E1A5BB /* UIImage+ImageEffects.m */ = {isa = PBXFileReference; fileEncoding = 4; lastKnownFileType = sourcecode.c.objc; path = "UIImage+ImageEffects.m"; sourceTree = "<group>"; };
		1A2B8FDE1834931200E1A5BB /* UIView-JTViewToImage.h */ = {isa = PBXFileReference; fileEncoding = 4; lastKnownFileType = sourcecode.c.h; path = "UIView-JTViewToImage.h"; sourceTree = "<group>"; };
		1A2B8FDF1834931200E1A5BB /* UIView-JTViewToImage.m */ = {isa = PBXFileReference; fileEncoding = 4; lastKnownFileType = sourcecode.c.objc; path = "UIView-JTViewToImage.m"; sourceTree = "<group>"; };
		1A2B8FE01834931200E1A5BB /* URBMediaFocusViewController.h */ = {isa = PBXFileReference; fileEncoding = 4; lastKnownFileType = sourcecode.c.h; path = URBMediaFocusViewController.h; sourceTree = "<group>"; };
		1A2B8FE11834931200E1A5BB /* URBMediaFocusViewController.m */ = {isa = PBXFileReference; fileEncoding = 4; lastKnownFileType = sourcecode.c.objc; path = URBMediaFocusViewController.m; sourceTree = "<group>"; };
		1A2B8FEA1834936200E1A5BB /* UIImage+ImageEffects.h */ = {isa = PBXFileReference; fileEncoding = 4; lastKnownFileType = sourcecode.c.h; path = "UIImage+ImageEffects.h"; sourceTree = "<group>"; };
		1A2B8FEB1834936200E1A5BB /* UIImage+ImageEffects.m */ = {isa = PBXFileReference; fileEncoding = 4; lastKnownFileType = sourcecode.c.objc; path = "UIImage+ImageEffects.m"; sourceTree = "<group>"; };
		1A2B8FEE1834941600E1A5BB /* UIImageView+CircleMask.h */ = {isa = PBXFileReference; fileEncoding = 4; lastKnownFileType = sourcecode.c.h; path = "UIImageView+CircleMask.h"; sourceTree = "<group>"; };
		1A2B8FEF1834941600E1A5BB /* UIImageView+CircleMask.m */ = {isa = PBXFileReference; fileEncoding = 4; lastKnownFileType = sourcecode.c.objc; path = "UIImageView+CircleMask.m"; sourceTree = "<group>"; };
		1A2B8FF61834953300E1A5BB /* Accelerate.framework */ = {isa = PBXFileReference; lastKnownFileType = wrapper.framework; name = Accelerate.framework; path = Platforms/iPhoneOS.platform/Developer/SDKs/iPhoneOS7.0.sdk/System/Library/Frameworks/Accelerate.framework; sourceTree = DEVELOPER_DIR; };
		1A5AAB1D1834572800CEA9D7 /* libAKForm.a */ = {isa = PBXFileReference; explicitFileType = archive.ar; includeInIndex = 0; path = libAKForm.a; sourceTree = BUILT_PRODUCTS_DIR; };
		1A5AAB281834572800CEA9D7 /* AKForm-Prefix.pch */ = {isa = PBXFileReference; lastKnownFileType = sourcecode.c.h; path = "AKForm-Prefix.pch"; sourceTree = "<group>"; };
		BDDFD3B70D1149CFA37AFE90 /* libPods.a */ = {isa = PBXFileReference; explicitFileType = archive.ar; includeInIndex = 0; path = libPods.a; sourceTree = BUILT_PRODUCTS_DIR; };
		C62C7385727A485BB3845E8B /* Pods.xcconfig */ = {isa = PBXFileReference; includeInIndex = 1; lastKnownFileType = text.xcconfig; name = Pods.xcconfig; path = ../Pods/Pods.xcconfig; sourceTree = "<group>"; };
/* End PBXFileReference section */

/* Begin PBXFrameworksBuildPhase section */
		1A5AAB1A1834572800CEA9D7 /* Frameworks */ = {
			isa = PBXFrameworksBuildPhase;
			buildActionMask = 2147483647;
			files = (
				1A2B8FF71834953300E1A5BB /* Accelerate.framework in Frameworks */,
				1A2B8F1A183468BA00E1A5BB /* Foundation.framework in Frameworks */,
				1A2B8F18183468B400E1A5BB /* UIKit.framework in Frameworks */,
				A12EE87A91BD4233A56B65B2 /* libPods.a in Frameworks */,
			);
			runOnlyForDeploymentPostprocessing = 0;
		};
/* End PBXFrameworksBuildPhase section */

/* Begin PBXGroup section */
		1A2B8F02183464A100E1A5BB /* src */ = {
			isa = PBXGroup;
			children = (
				1A2B8F76183490BE00E1A5BB /* CSForm.h */,
				1A2B8F77183490BE00E1A5BB /* CSForm.m */,
				1A2B8F78183490BE00E1A5BB /* CSFormField.h */,
				1A2B8F79183490BE00E1A5BB /* CSFormField.m */,
				1A2B8F7A183490BE00E1A5BB /* CSFormSection.h */,
				1A2B8F7B183490BE00E1A5BB /* CSFormSection.m */,
				1A2B8F7C183490BE00E1A5BB /* CSFormValue.h */,
				1A2B8F7D183490BE00E1A5BB /* CSFormValue.m */,
				1A2B8F7E183490BE00E1A5BB /* CSFormValueValidator.h */,
				1A2B8F7F183490BE00E1A5BB /* CSFormValueValidator.m */,
				1A2B8F80183490BE00E1A5BB /* CSMetadata.h */,
				1A2B8F81183490BE00E1A5BB /* CSMetadata.m */,
				1A2B8F82183490BE00E1A5BB /* CSMetadataCollection.h */,
				1A2B8F83183490BE00E1A5BB /* CSMetadataCollection.m */,
				1A2B8F84183490BE00E1A5BB /* Fields */,
				1A2B8F5F183490BE00E1A5BB /* Cells */,
				1A2B8FD91834931200E1A5BB /* Third Party */,
				1A2B8F03183464A100E1A5BB /* AKForm.h */,
			);
			name = src;
			path = ../src;
			sourceTree = "<group>";
		};
		1A2B8F5F183490BE00E1A5BB /* Cells */ = {
			isa = PBXGroup;
			children = (
				1A2B8F60183490BE00E1A5BB /* CSFormBaseCell.h */,
				1A2B8F61183490BE00E1A5BB /* CSFormBaseCell.m */,
				1A2B8F62183490BE00E1A5BB /* CSFormCell.h */,
				1A2B8F63183490BE00E1A5BB /* CSFormCell.m */,
				1A2B8F64183490BE00E1A5BB /* CSFormCellDatePicker.h */,
				1A2B8F65183490BE00E1A5BB /* CSFormCellDatePicker.m */,
				1A2B8F66183490BE00E1A5BB /* CSFormCellImage.h */,
				1A2B8F67183490BE00E1A5BB /* CSFormCellImage.m */,
				1A2B8F68183490BE00E1A5BB /* CSFormCellLabel.h */,
				1A2B8F69183490BE00E1A5BB /* CSFormCellLabel.m */,
				1A2B8F6A183490BE00E1A5BB /* CSFormCellPickerView.h */,
				1A2B8F6B183490BE00E1A5BB /* CSFormCellPickerView.m */,
				1A2B8F6C183490BE00E1A5BB /* CSFormCellTextField.h */,
				1A2B8F6D183490BE00E1A5BB /* CSFormCellTextField.m */,
				1A2B8F6E183490BE00E1A5BB /* CSFormSwitchCell.h */,
				1A2B8F6F183490BE00E1A5BB /* CSFormSwitchCell.m */,
				1A2B8F70183490BE00E1A5BB /* CSFormTextViewCell.h */,
				1A2B8F71183490BE00E1A5BB /* CSFormTextViewCell.m */,
				1A2B8F72183490BE00E1A5BB /* CSFormToggleCell.h */,
				1A2B8F73183490BE00E1A5BB /* CSFormToggleCell.m */,
				1A2B8F74183490BE00E1A5BB /* CSSpecialCell.h */,
				1A2B8F75183490BE00E1A5BB /* CSSpecialCell.m */,
			);
			path = Cells;
			sourceTree = "<group>";
		};
		1A2B8F84183490BE00E1A5BB /* Fields */ = {
			isa = PBXGroup;
			children = (
				1A2B8F85183490BE00E1A5BB /* CSFormFieldDescriptive.h */,
				1A2B8F86183490BE00E1A5BB /* CSFormFieldDescriptive.m */,
				1A2B8F87183490BE00E1A5BB /* CSFormFieldExpandable.h */,
				1A2B8F88183490BE00E1A5BB /* CSFormFieldExpandable.m */,
				1A2B8F89183490BE00E1A5BB /* CSFormFieldExpandableDate.h */,
				1A2B8F8A183490BE00E1A5BB /* CSFormFieldExpandableDate.m */,
				1A2B8F8B183490BE00E1A5BB /* CSFormFieldExpandablePicker.h */,
				1A2B8F8C183490BE00E1A5BB /* CSFormFieldExpandablePicker.m */,
				1A2B8F8D183490BE00E1A5BB /* CSFormFieldImage.h */,
				1A2B8F8E183490BE00E1A5BB /* CSFormFieldImage.m */,
				1A2B8F8F183490BE00E1A5BB /* CSFormFieldModal.h */,
				1A2B8F90183490BE00E1A5BB /* CSFormFieldModal.m */,
				1A2B8F91183490BE00E1A5BB /* CSFormFieldModalPicker.h */,
				1A2B8F92183490BE00E1A5BB /* CSFormFieldModalPicker.m */,
				1A2B8F93183490BE00E1A5BB /* CSFormFieldSegmented.h */,
				1A2B8F94183490BE00E1A5BB /* CSFormFieldSegmented.m */,
				1A2B8F95183490BE00E1A5BB /* CSFormFieldSwitch.h */,
				1A2B8F96183490BE00E1A5BB /* CSFormFieldSwitch.m */,
				1A2B8F97183490BE00E1A5BB /* CSFormFieldText.h */,
				1A2B8F98183490BE00E1A5BB /* CSFormFieldText.m */,
				1A2B8F99183490BE00E1A5BB /* CSFormFieldTextView.h */,
				1A2B8F9A183490BE00E1A5BB /* CSFormFieldTextView.m */,
				1A2B8F9B183490BE00E1A5BB /* CSFormFieldToggle.h */,
				1A2B8F9C183490BE00E1A5BB /* CSFormFieldToggle.m */,
			);
			path = Fields;
			sourceTree = "<group>";
		};
		1A2B8FD91834931200E1A5BB /* Third Party */ = {
			isa = PBXGroup;
			children = (
				1A2B8FEE1834941600E1A5BB /* UIImageView+CircleMask.h */,
				1A2B8FEF1834941600E1A5BB /* UIImageView+CircleMask.m */,
				1A2B8FEA1834936200E1A5BB /* UIImage+ImageEffects.h */,
				1A2B8FEB1834936200E1A5BB /* UIImage+ImageEffects.m */,
				1A2B8FDA1834931200E1A5BB /* UIDeviceHardware.h */,
				1A2B8FDB1834931200E1A5BB /* UIDeviceHardware.m */,
				1A2B8FDC1834931200E1A5BB /* UIImage+ImageEffects.h */,
				1A2B8FDD1834931200E1A5BB /* UIImage+ImageEffects.m */,
				1A2B8FDE1834931200E1A5BB /* UIView-JTViewToImage.h */,
				1A2B8FDF1834931200E1A5BB /* UIView-JTViewToImage.m */,
				1A2B8FE01834931200E1A5BB /* URBMediaFocusViewController.h */,
				1A2B8FE11834931200E1A5BB /* URBMediaFocusViewController.m */,
			);
			path = "Third Party";
			sourceTree = "<group>";
		};
		1A5AAB141834572800CEA9D7 = {
			isa = PBXGroup;
			children = (
				1A2B8F02183464A100E1A5BB /* src */,
				1A5AAB261834572800CEA9D7 /* AKForm */,
				1A5AAB1F1834572800CEA9D7 /* Frameworks */,
				1A5AAB1E1834572800CEA9D7 /* Products */,
				C62C7385727A485BB3845E8B /* Pods.xcconfig */,
			);
			sourceTree = "<group>";
		};
		1A5AAB1E1834572800CEA9D7 /* Products */ = {
			isa = PBXGroup;
			children = (
				1A5AAB1D1834572800CEA9D7 /* libAKForm.a */,
			);
			name = Products;
			sourceTree = "<group>";
		};
		1A5AAB1F1834572800CEA9D7 /* Frameworks */ = {
			isa = PBXGroup;
			children = (
				1A2B8FF61834953300E1A5BB /* Accelerate.framework */,
				1A2B8F19183468BA00E1A5BB /* Foundation.framework */,
				1A2B8F17183468B400E1A5BB /* UIKit.framework */,
				BDDFD3B70D1149CFA37AFE90 /* libPods.a */,
			);
			name = Frameworks;
			sourceTree = "<group>";
		};
		1A5AAB261834572800CEA9D7 /* AKForm */ = {
			isa = PBXGroup;
			children = (
				1A5AAB271834572800CEA9D7 /* Supporting Files */,
			);
			path = AKForm;
			sourceTree = "<group>";
		};
		1A5AAB271834572800CEA9D7 /* Supporting Files */ = {
			isa = PBXGroup;
			children = (
				1A2B8F5C183475B300E1A5BB /* AKForm.podspec */,
				1A5AAB281834572800CEA9D7 /* AKForm-Prefix.pch */,
			);
			name = "Supporting Files";
			sourceTree = "<group>";
		};
/* End PBXGroup section */

/* Begin PBXHeadersBuildPhase section */
		1A5AAB1B1834572800CEA9D7 /* Headers */ = {
			isa = PBXHeadersBuildPhase;
			buildActionMask = 2147483647;
			files = (
				1A2B8FE61834931200E1A5BB /* UIView-JTViewToImage.h in Headers */,
				1A2B8FC5183490BE00E1A5BB /* CSFormFieldExpandableDate.h in Headers */,
				1A2B8FB3183490BE00E1A5BB /* CSForm.h in Headers */,
				1A2B8FCF183490BE00E1A5BB /* CSFormFieldSegmented.h in Headers */,
				1A2B8FC3183490BE00E1A5BB /* CSFormFieldExpandable.h in Headers */,
				1A2B8FF01834941600E1A5BB /* UIImageView+CircleMask.h in Headers */,
				1A2B8FAF183490BE00E1A5BB /* CSFormToggleCell.h in Headers */,
				1A2B8FAB183490BE00E1A5BB /* CSFormSwitchCell.h in Headers */,
				1A2B8FE81834931200E1A5BB /* URBMediaFocusViewController.h in Headers */,
				1A2B8FB9183490BE00E1A5BB /* CSFormValue.h in Headers */,
				1A2B8FA9183490BE00E1A5BB /* CSFormCellTextField.h in Headers */,
				1A2B8FE21834931200E1A5BB /* UIDeviceHardware.h in Headers */,
				1A2B8FB7183490BE00E1A5BB /* CSFormSection.h in Headers */,
				1A2B8FAD183490BE00E1A5BB /* CSFormTextViewCell.h in Headers */,
				1A2B8FA3183490BE00E1A5BB /* CSFormCellImage.h in Headers */,
				1A2B8FB5183490BE00E1A5BB /* CSFormField.h in Headers */,
				1A2B8FBB183490BE00E1A5BB /* CSFormValueValidator.h in Headers */,
				1A2B8F9F183490BE00E1A5BB /* CSFormCell.h in Headers */,
				1A2B8FC9183490BE00E1A5BB /* CSFormFieldImage.h in Headers */,
				1A2B8FC1183490BE00E1A5BB /* CSFormFieldDescriptive.h in Headers */,
				1A2B8F9D183490BE00E1A5BB /* CSFormBaseCell.h in Headers */,
				1A2B8FD1183490BE00E1A5BB /* CSFormFieldSwitch.h in Headers */,
				1A2B8F06183464A100E1A5BB /* AKForm.h in Headers */,
				1A2B8FEC1834936200E1A5BB /* UIImage+ImageEffects.h in Headers */,
				1A2B8FA1183490BE00E1A5BB /* CSFormCellDatePicker.h in Headers */,
				1A2B8FB1183490BE00E1A5BB /* CSSpecialCell.h in Headers */,
				1A2B8FD3183490BE00E1A5BB /* CSFormFieldText.h in Headers */,
				1A2B8FC7183490BE00E1A5BB /* CSFormFieldExpandablePicker.h in Headers */,
				1A2B8FBD183490BE00E1A5BB /* CSMetadata.h in Headers */,
				1A2B8FD7183490BE00E1A5BB /* CSFormFieldToggle.h in Headers */,
				1A2B8FCD183490BE00E1A5BB /* CSFormFieldModalPicker.h in Headers */,
				1A2B8FA5183490BE00E1A5BB /* CSFormCellLabel.h in Headers */,
				1A2B8FD5183490BE00E1A5BB /* CSFormFieldTextView.h in Headers */,
				1A2B8FCB183490BE00E1A5BB /* CSFormFieldModal.h in Headers */,
				1A2B8FE41834931200E1A5BB /* UIImage+ImageEffects.h in Headers */,
				1A2B8FA7183490BE00E1A5BB /* CSFormCellPickerView.h in Headers */,
				1A2B8FBF183490BE00E1A5BB /* CSMetadataCollection.h in Headers */,
			);
			runOnlyForDeploymentPostprocessing = 0;
		};
/* End PBXHeadersBuildPhase section */

/* Begin PBXNativeTarget section */
		1A5AAB1C1834572800CEA9D7 /* AKForm */ = {
			isa = PBXNativeTarget;
			buildConfigurationList = 1A5AAB411834572800CEA9D7 /* Build configuration list for PBXNativeTarget "AKForm" */;
			buildPhases = (
				FE866B73F11B4A0E8B0212BC /* Check Pods Manifest.lock */,
				1A5AAB191834572800CEA9D7 /* Sources */,
				1A5AAB1A1834572800CEA9D7 /* Frameworks */,
				1A5AAB1B1834572800CEA9D7 /* Headers */,
				1C4AA1E99FF740D1B500EA7F /* Copy Pods Resources */,
			);
			buildRules = (
			);
			dependencies = (
			);
			name = AKForm;
			productName = AKForm;
			productReference = 1A5AAB1D1834572800CEA9D7 /* libAKForm.a */;
			productType = "com.apple.product-type.library.static";
		};
/* End PBXNativeTarget section */

/* Begin PBXProject section */
		1A5AAB151834572800CEA9D7 /* Project object */ = {
			isa = PBXProject;
			attributes = {
				LastUpgradeCheck = 0500;
				ORGANIZATIONNAME = arkuana;
			};
			buildConfigurationList = 1A5AAB181834572800CEA9D7 /* Build configuration list for PBXProject "AKForm" */;
			compatibilityVersion = "Xcode 3.2";
			developmentRegion = English;
			hasScannedForEncodings = 0;
			knownRegions = (
				en,
			);
			mainGroup = 1A5AAB141834572800CEA9D7;
			productRefGroup = 1A5AAB1E1834572800CEA9D7 /* Products */;
			projectDirPath = "";
			projectRoot = "";
			targets = (
				1A5AAB1C1834572800CEA9D7 /* AKForm */,
			);
		};
/* End PBXProject section */

/* Begin PBXShellScriptBuildPhase section */
		1C4AA1E99FF740D1B500EA7F /* Copy Pods Resources */ = {
			isa = PBXShellScriptBuildPhase;
			buildActionMask = 2147483647;
			files = (
			);
			inputPaths = (
			);
			name = "Copy Pods Resources";
			outputPaths = (
			);
			runOnlyForDeploymentPostprocessing = 0;
			shellPath = /bin/sh;
			shellScript = "\"${SRCROOT}/../Pods/Pods-resources.sh\"\n";
			showEnvVarsInLog = 0;
		};
		FE866B73F11B4A0E8B0212BC /* Check Pods Manifest.lock */ = {
			isa = PBXShellScriptBuildPhase;
			buildActionMask = 2147483647;
			files = (
			);
			inputPaths = (
			);
			name = "Check Pods Manifest.lock";
			outputPaths = (
			);
			runOnlyForDeploymentPostprocessing = 0;
			shellPath = /bin/sh;
			shellScript = "diff \"${PODS_ROOT}/../Podfile.lock\" \"${PODS_ROOT}/Manifest.lock\" > /dev/null\nif [[ $? != 0 ]] ; then\n    cat << EOM\nerror: The sandbox is not in sync with the Podfile.lock. Run 'pod install' or update your CocoaPods installation.\nEOM\n    exit 1\nfi\n";
			showEnvVarsInLog = 0;
		};
/* End PBXShellScriptBuildPhase section */

/* Begin PBXSourcesBuildPhase section */
		1A5AAB191834572800CEA9D7 /* Sources */ = {
			isa = PBXSourcesBuildPhase;
			buildActionMask = 2147483647;
			files = (
				1A2B8FE91834931200E1A5BB /* URBMediaFocusViewController.m in Sources */,
				1A2B8FAC183490BE00E1A5BB /* CSFormSwitchCell.m in Sources */,
				1A2B8FB2183490BE00E1A5BB /* CSSpecialCell.m in Sources */,
				1A2B8FAE183490BE00E1A5BB /* CSFormTextViewCell.m in Sources */,
				1A2B8FD4183490BE00E1A5BB /* CSFormFieldText.m in Sources */,
				1A2B8FCC183490BE00E1A5BB /* CSFormFieldModal.m in Sources */,
				1A2B8FC8183490BE00E1A5BB /* CSFormFieldExpandablePicker.m in Sources */,
				1A2B8FA8183490BE00E1A5BB /* CSFormCellPickerView.m in Sources */,
				1A2B8FC0183490BE00E1A5BB /* CSMetadataCollection.m in Sources */,
				1A2B8FCA183490BE00E1A5BB /* CSFormFieldImage.m in Sources */,
				1A2B8FE31834931200E1A5BB /* UIDeviceHardware.m in Sources */,
				1A2B8FA6183490BE00E1A5BB /* CSFormCellLabel.m in Sources */,
				1A2B8FB4183490BE00E1A5BB /* CSForm.m in Sources */,
				1A2B8FC4183490BE00E1A5BB /* CSFormFieldExpandable.m in Sources */,
				1A2B8FD0183490BE00E1A5BB /* CSFormFieldSegmented.m in Sources */,
				1A2B8FA4183490BE00E1A5BB /* CSFormCellImage.m in Sources */,
				1A2B8FB0183490BE00E1A5BB /* CSFormToggleCell.m in Sources */,
				1A2B8FF11834941600E1A5BB /* UIImageView+CircleMask.m in Sources */,
				1A2B8FB8183490BE00E1A5BB /* CSFormSection.m in Sources */,
				1A2B8FCE183490BE00E1A5BB /* CSFormFieldModalPicker.m in Sources */,
				1A2B8FB6183490BE00E1A5BB /* CSFormField.m in Sources */,
				1A2B8FAA183490BE00E1A5BB /* CSFormCellTextField.m in Sources */,
				1A2B8F9E183490BE00E1A5BB /* CSFormBaseCell.m in Sources */,
				1A2B8FBC183490BE00E1A5BB /* CSFormValueValidator.m in Sources */,
				1A2B8FD6183490BE00E1A5BB /* CSFormFieldTextView.m in Sources */,
				1A2B8FC6183490BE00E1A5BB /* CSFormFieldExpandableDate.m in Sources */,
				1A2B8FC2183490BE00E1A5BB /* CSFormFieldDescriptive.m in Sources */,
				1A2B8FE51834931200E1A5BB /* UIImage+ImageEffects.m in Sources */,
				1A2B8FA0183490BE00E1A5BB /* CSFormCell.m in Sources */,
				1A2B8FA2183490BE00E1A5BB /* CSFormCellDatePicker.m in Sources */,
				1A2B8FBE183490BE00E1A5BB /* CSMetadata.m in Sources */,
				1A2B8FE71834931200E1A5BB /* UIView-JTViewToImage.m in Sources */,
				1A2B8FED1834936200E1A5BB /* UIImage+ImageEffects.m in Sources */,
				1A2B8FD2183490BE00E1A5BB /* CSFormFieldSwitch.m in Sources */,
				1A2B8FBA183490BE00E1A5BB /* CSFormValue.m in Sources */,
				1A2B8FD8183490BE00E1A5BB /* CSFormFieldToggle.m in Sources */,
			);
			runOnlyForDeploymentPostprocessing = 0;
		};
/* End PBXSourcesBuildPhase section */

/* Begin XCBuildConfiguration section */
		1A5AAB3F1834572800CEA9D7 /* Debug */ = {
			isa = XCBuildConfiguration;
			buildSettings = {
				ALWAYS_SEARCH_USER_PATHS = NO;
				CLANG_CXX_LANGUAGE_STANDARD = "gnu++0x";
				CLANG_CXX_LIBRARY = "libc++";
				CLANG_ENABLE_OBJC_ARC = YES;
				CLANG_WARN_BOOL_CONVERSION = YES;
				CLANG_WARN_CONSTANT_CONVERSION = YES;
				CLANG_WARN_DIRECT_OBJC_ISA_USAGE = YES_ERROR;
				CLANG_WARN_EMPTY_BODY = YES;
				CLANG_WARN_ENUM_CONVERSION = YES;
				CLANG_WARN_INT_CONVERSION = YES;
				CLANG_WARN_OBJC_ROOT_CLASS = YES_ERROR;
				CLANG_WARN__DUPLICATE_METHOD_MATCH = YES;
				COPY_PHASE_STRIP = NO;
				GCC_C_LANGUAGE_STANDARD = gnu99;
				GCC_DYNAMIC_NO_PIC = NO;
				GCC_ENABLE_OBJC_EXCEPTIONS = YES;
				GCC_OPTIMIZATION_LEVEL = 0;
				GCC_PREPROCESSOR_DEFINITIONS = (
					"DEBUG=1",
					"$(inherited)",
				);
				GCC_SYMBOLS_PRIVATE_EXTERN = NO;
				GCC_WARN_64_TO_32_BIT_CONVERSION = YES;
				GCC_WARN_ABOUT_RETURN_TYPE = YES_ERROR;
				GCC_WARN_UNDECLARED_SELECTOR = YES;
				GCC_WARN_UNINITIALIZED_AUTOS = YES;
				GCC_WARN_UNUSED_FUNCTION = YES;
				GCC_WARN_UNUSED_VARIABLE = YES;
				MACOSX_DEPLOYMENT_TARGET = 10.9;
				ONLY_ACTIVE_ARCH = YES;
				SDKROOT = macosx;
			};
			name = Debug;
		};
		1A5AAB401834572800CEA9D7 /* Release */ = {
			isa = XCBuildConfiguration;
			buildSettings = {
				ALWAYS_SEARCH_USER_PATHS = NO;
				CLANG_CXX_LANGUAGE_STANDARD = "gnu++0x";
				CLANG_CXX_LIBRARY = "libc++";
				CLANG_ENABLE_OBJC_ARC = YES;
				CLANG_WARN_BOOL_CONVERSION = YES;
				CLANG_WARN_CONSTANT_CONVERSION = YES;
				CLANG_WARN_DIRECT_OBJC_ISA_USAGE = YES_ERROR;
				CLANG_WARN_EMPTY_BODY = YES;
				CLANG_WARN_ENUM_CONVERSION = YES;
				CLANG_WARN_INT_CONVERSION = YES;
				CLANG_WARN_OBJC_ROOT_CLASS = YES_ERROR;
				CLANG_WARN__DUPLICATE_METHOD_MATCH = YES;
				COPY_PHASE_STRIP = YES;
				DEBUG_INFORMATION_FORMAT = "dwarf-with-dsym";
				ENABLE_NS_ASSERTIONS = NO;
				GCC_C_LANGUAGE_STANDARD = gnu99;
				GCC_ENABLE_OBJC_EXCEPTIONS = YES;
				GCC_WARN_64_TO_32_BIT_CONVERSION = YES;
				GCC_WARN_ABOUT_RETURN_TYPE = YES_ERROR;
				GCC_WARN_UNDECLARED_SELECTOR = YES;
				GCC_WARN_UNINITIALIZED_AUTOS = YES;
				GCC_WARN_UNUSED_FUNCTION = YES;
				GCC_WARN_UNUSED_VARIABLE = YES;
				MACOSX_DEPLOYMENT_TARGET = 10.9;
				SDKROOT = macosx;
			};
			name = Release;
		};
		1A5AAB421834572800CEA9D7 /* Debug */ = {
			isa = XCBuildConfiguration;
			baseConfigurationReference = C62C7385727A485BB3845E8B /* Pods.xcconfig */;
			buildSettings = {
				GCC_PRECOMPILE_PREFIX_HEADER = YES;
				GCC_PREFIX_HEADER = "AKForm/AKForm-Prefix.pch";
				PRODUCT_NAME = "$(TARGET_NAME)";
				SDKROOT = iphoneos7.0;
			};
			name = Debug;
		};
		1A5AAB431834572800CEA9D7 /* Release */ = {
			isa = XCBuildConfiguration;
			baseConfigurationReference = C62C7385727A485BB3845E8B /* Pods.xcconfig */;
			buildSettings = {
				GCC_PRECOMPILE_PREFIX_HEADER = YES;
				GCC_PREFIX_HEADER = "AKForm/AKForm-Prefix.pch";
				PRODUCT_NAME = "$(TARGET_NAME)";
				SDKROOT = iphoneos7.0;
			};
			name = Release;
		};
/* End XCBuildConfiguration section */

/* Begin XCConfigurationList section */
		1A5AAB181834572800CEA9D7 /* Build configuration list for PBXProject "AKForm" */ = {
			isa = XCConfigurationList;
			buildConfigurations = (
				1A5AAB3F1834572800CEA9D7 /* Debug */,
				1A5AAB401834572800CEA9D7 /* Release */,
			);
			defaultConfigurationIsVisible = 0;
			defaultConfigurationName = Release;
		};
		1A5AAB411834572800CEA9D7 /* Build configuration list for PBXNativeTarget "AKForm" */ = {
			isa = XCConfigurationList;
			buildConfigurations = (
				1A5AAB421834572800CEA9D7 /* Debug */,
				1A5AAB431834572800CEA9D7 /* Release */,
			);
			defaultConfigurationIsVisible = 0;
			defaultConfigurationName = Release;
		};
/* End XCConfigurationList section */
	};
	rootObject = 1A5AAB151834572800CEA9D7 /* Project object */;
}
